
Microsoft Visual Studio Solution File, Format Version 12.00
# Visual Studio Version 17
VisualStudioVersion = 17.7.34031.279
MinimumVisualStudioVersion = 10.0.40219.1
Project("{FAE04EC0-301F-11D3-BF4B-00C04F79EFBC}") = "HocKiI2022-2023", "HocKiI2022-2023\HocKiI2022-2023.csproj", "{1700039E-33E6-46A1-AA25-F70EACECE402}"
EndProject
Global
	GlobalSection(SolutionConfigurationPlatforms) = preSolution
		Debug|Any CPU = Debug|Any CPU
		Release|Any CPU = Release|Any CPU
	EndGlobalSection
	GlobalSection(ProjectConfigurationPlatforms) = postSolution
		{1700039E-33E6-46A1-AA25-F70EACECE402}.Debug|Any CPU.ActiveCfg = Debug|Any CPU
		{1700039E-33E6-46A1-AA25-F70EACECE402}.Debug|Any CPU.Build.0 = Debug|Any CPU
		{1700039E-33E6-46A1-AA25-F70EACECE402}.Release|Any CPU.ActiveCfg = Release|Any CPU
		{1700039E-33E6-46A1-AA25-F70EACECE402}.Release|Any CPU.Build.0 = Release|Any CPU
	EndGlobalSection
	GlobalSection(SolutionProperties) = preSolution
		HideSolutionNode = FALSE
	EndGlobalSection
	GlobalSection(ExtensibilityGlobals) = postSolution
		SolutionGuid = {4A219B61-20D7-4402-A561-02C3AFB9EB38}
	EndGlobalSection
EndGlobal
